
Microsoft Visual Studio Solution File, Format Version 12.00
# Visual Studio for Mac
Project("{FAE04EC0-301F-11D3-BF4B-00C04F79EFBC}") = "Assembly-CSharp-firstpass", "Assembly-CSharp-firstpass.csproj", "{6A4BD6DA-3575-2137-FB94-3BB38CE7792E}"
EndProject
Project("{FAE04EC0-301F-11D3-BF4B-00C04F79EFBC}") = "Assembly-CSharp-Editor-firstpass", "Assembly-CSharp-Editor-firstpass.csproj", "{7FD72881-C252-8311-4765-5460C2B40174}"
EndProject
Global
	GlobalSection(SolutionConfigurationPlatforms) = preSolution
		Debug|Any CPU = Debug|Any CPU
		Release|Any CPU = Release|Any CPU
	EndGlobalSection
	GlobalSection(ProjectConfigurationPlatforms) = postSolution
		{6A4BD6DA-3575-2137-FB94-3BB38CE7792E}.Debug|Any CPU.ActiveCfg = Debug|Any CPU
		{6A4BD6DA-3575-2137-FB94-3BB38CE7792E}.Debug|Any CPU.Build.0 = Debug|Any CPU
		{6A4BD6DA-3575-2137-FB94-3BB38CE7792E}.Release|Any CPU.ActiveCfg = Release|Any CPU
		{6A4BD6DA-3575-2137-FB94-3BB38CE7792E}.Release|Any CPU.Build.0 = Release|Any CPU
		{7FD72881-C252-8311-4765-5460C2B40174}.Debug|Any CPU.ActiveCfg = Debug|Any CPU
		{7FD72881-C252-8311-4765-5460C2B40174}.Debug|Any CPU.Build.0 = Debug|Any CPU
		{7FD72881-C252-8311-4765-5460C2B40174}.Release|Any CPU.ActiveCfg = Release|Any CPU
		{7FD72881-C252-8311-4765-5460C2B40174}.Release|Any CPU.Build.0 = Release|Any CPU
	EndGlobalSection
	GlobalSection(SolutionProperties) = preSolution
		HideSolutionNode = FALSE
	EndGlobalSection
EndGlobal
